
Microsoft Visual Studio Solution File, Format Version 12.00
# Visual Studio 14
VisualStudioVersion = 14.0.24720.0
MinimumVisualStudioVersion = 10.0.40219.1
Project("{FAE04EC0-301F-11D3-BF4B-00C04F79EFBC}") = "dnTrace", "dnTrace\dnTrace.csproj", "{61B85934-F423-43FE-8557-94172373FB38}"
EndProject
Global
	GlobalSection(SolutionConfigurationPlatforms) = preSolution
		Debug|Any CPU = Debug|Any CPU
		Release|Any CPU = Release|Any CPU
	EndGlobalSection
	GlobalSection(ProjectConfigurationPlatforms) = postSolution
		{61B85934-F423-43FE-8557-94172373FB38}.Debug|Any CPU.ActiveCfg = Debug|Any CPU
		{61B85934-F423-43FE-8557-94172373FB38}.Debug|Any CPU.Build.0 = Debug|Any CPU
		{61B85934-F423-43FE-8557-94172373FB38}.Release|Any CPU.ActiveCfg = Release|Any CPU
		{61B85934-F423-43FE-8557-94172373FB38}.Release|Any CPU.Build.0 = Release|Any CPU
	EndGlobalSection
	GlobalSection(SolutionProperties) = preSolution
		HideSolutionNode = FALSE
	EndGlobalSection
EndGlobal
